
Microsoft Visual Studio Solution File, Format Version 11.00
# Visual Studio 2010
Project("{FAE04EC0-301F-11D3-BF4B-00C04F79EFBC}") = "Assembly-CSharp", "Assembly-CSharp.csproj", "{2640002c-1c02-d2a2-734e-36285e0742c9}"
EndProject
Project("{FAE04EC0-301F-11D3-BF4B-00C04F79EFBC}") = "Assembly-CSharp-Editor", "Assembly-CSharp-Editor.csproj", "{dc9d7020-d868-4646-5ded-ecd8d71b5f53}"
EndProject
Global
	GlobalSection(SolutionConfigurationPlatforms) = preSolution
		Debug|Any CPU = Debug|Any CPU
	EndGlobalSection
	GlobalSection(ProjectConfigurationPlatforms) = postSolution
		{2640002c-1c02-d2a2-734e-36285e0742c9}.Debug|Any CPU.ActiveCfg = Debug|Any CPU
		{2640002c-1c02-d2a2-734e-36285e0742c9}.Debug|Any CPU.Build.0 = Debug|Any CPU
		{dc9d7020-d868-4646-5ded-ecd8d71b5f53}.Debug|Any CPU.ActiveCfg = Debug|Any CPU
		{dc9d7020-d868-4646-5ded-ecd8d71b5f53}.Debug|Any CPU.Build.0 = Debug|Any CPU
	EndGlobalSection
	GlobalSection(SolutionProperties) = preSolution
		HideSolutionNode = FALSE
	EndGlobalSection
EndGlobal
